{
    "_meta": {
        "hash": {
            "sha256": "2e654d30f434fbb9bce23ba3c6eef6823240fdbab38bd0327d9a495c56380eaf"
        },
        "pipfile-spec": 6,
        "requires": {
            "python_version": "3.7"
        },
        "sources": [
            {
                "name": "pypi",
                "url": "https://pypi.org/simple",
                "verify_ssl": true
            }
        ]
    },
    "default": {
        "bitarray": {
            "hashes": [
                "sha256:00a6fc4355bd4e6ead54d05187dc4ea39f0af439b336ae113f0194673ed730ae",
                "sha256:00e93f70cbcbeabd1e79accf1b6f5b2424cd40556e7877f618549523d0031c98",
                "sha256:01f8d02c3eae82c98d4259777cb2f042a0b3989d7dceeb37c643cb94b91d5a42",
                "sha256:029c724bf38c6616b90b1c423b846b63f8d607ed5a23d270e3862696d88a5392",
                "sha256:057f9c53a34e42deed6e8813a82b9c85924f4728be28e3b9b65144569ac5a387",
                "sha256:088e6e9ea7f0eaf8b672679a68096dbc0a7a7b7a4ed567860f7362e1588370a6",
                "sha256:0b84fd9dbf999cbca1090a7703aa1404cd01af4035c6ba3adf69d41280611fb6",
                "sha256:0d1f49cc51919d6fa0f7eebd073d2c620b80079aa537d084a7fafb46a35c7a4d",
                "sha256:0fe747a134f7f5bc0877eee58090ae7e7f23628eeb459f681ade65719c3f246a",
                "sha256:102db74ee82ec5774aba01481e73eedaebd27ba167344a81d3b42e6fbf9ffb77",
                "sha256:1048a29b3d72b1821a3ae9e8d64e71ed96c53a1a36b1da6db02091a424a8f795",
                "sha256:10dc358fe29d7a4c5be78ab2fb5aa50cb8066babd23e0b5589eb68e26afe58d8",
                "sha256:122cd70ee0de2cc9d94da8b8ebcb7dca12b9f4d3beefb94c11e110e1d87503bb",
                "sha256:1289f408a8b5c87cdb4fd7975d4021c6e61209ccb956d0411e72bf43c7f78463",
                "sha256:1362e9fb78ca72aa52ec1f1fbd62872801302001b0156ed2a1e707850cd30ffd",
                "sha256:1502660ab489b1f18c3493c766252cd5d24bc1cbf4bdf3594e0a30de142ed453",
                "sha256:16345146b61e93ca20679c83537ccf7245f78b17035f5b1a436fd2b75da04c5e",
                "sha256:16cb00911584a6e9ca0f42c305714898120dc6bfbbec90dacedeed4690331a47",
                "sha256:1af9b720a048c69e999094e2310138b7cfca5471a9d2c1dbe4b53dd10e516720",
                "sha256:1e1553933f4533040491f4e4499bcbbfcee42c4056f56d7e18010e779daab33d",
                "sha256:23b7bada6d6b62cba08f4a1b8a95da2d8592aae1db3c167dcb52abcba0a7bef5",
                "sha256:27524bc92fdeb464a5057a4677a35f482cf30be2e920bd1d11c46de533cafda6",
                "sha256:2c1b2c91bf991b5c641faee78dd5a751dff6155ec51c7a6c7f922dc85431898e",
                "sha256:2cdf5700537e5aa4ec9f4a0b498b8d5b03b9859d503e01ea17a6a134a838aa30",
                "sha256:302149aaff75939beb8af7f32ac9bf922480033a24fb54f4ebc0c9dc175247c4",
                "sha256:305e6f7441c007f296644ba3899c0306ce9fd7a482dbbc06b6e7b7bd6e0ddabc",
                "sha256:31e60d8341c3189aa156ca8cb2f6370b29d79cf132e3d091714b0a5a9097eb69",
                "sha256:3cf37431de779b29e5c0d8e36868f77f6df53c3c19c20e8404137e257dc80040",
                "sha256:3fb6a952796d16c3a309d866eef56a8f4e5591d112c22446e67d33ecb096b44b",
                "sha256:433f91c8ab8338662aaa86b0677e6c15c35f8f7b65d4c43d7d1647a8198bc0b0",
                "sha256:4abe2f829f6f2d330bccf1bcde2192264ab9a15d6d00e507265f46dc66557014",
                "sha256:4b2d150a81a981537801ac7d4f4f5d082c48343612a21f4e2c4cd2e887973bd5",
                "sha256:4b84230624d15868e407ba8b66df54fc69ee6a9e9cb6d51eb264b8f2614596f1",
                "sha256:50d5e2c026b3e3d145f64c457338ea99edcbdd302fdcbd96418251ac51a98a59",
                "sha256:5df10eb9b794932b0cf806f412d1c6d04fb7655ca7ae5caf6354b9edc380a5f7",
                "sha256:699b0134e87c0c4e3b224d879d218c4385a06e6b72df73b4c9c9d549155fb837",
                "sha256:6d19c34a2121eccfeb642d4ad71163bd3342a8f3a99e6724fe824bdfbc0a5b65",
                "sha256:72fd7f6f940bc42914c86700591ccfd1daeff0e414cefcbd7843117df2fac4e9",
                "sha256:748847e58c45a37f23db1f53a6dc16ae32aa80ee504653d79336830de1a79ed7",
                "sha256:757a08bf0aed5a650a399f8c66bcba00c210bce34408b6d7b09b4837bee8f4da",
                "sha256:7659bdfe7716b14a39007e31e957fa64d7f0d9e40a1dbd024bd81b972d76bffb",
                "sha256:76bbbb9ceebb9cbb2b14369b3681fecab226792b339f612e79f6575ca31fed45",
                "sha256:7776c070943f45cd8303543a6625cf82f2e000ef9c885d52d7828be099e52f42",
                "sha256:78378d8dacbe1f4f263347f42ec0a41cc2097cd671c6ac30a65a838284a5e141",
                "sha256:7a8995737fae8de03b31ed83acf4f4326a55b217022009d18be19ff87fc9010e",
                "sha256:7d571056115bbdc18f199a9ee4c2a1b5884f5e63a3c05fe43d2fc7fc67320515",
                "sha256:7f6540b45b2230442f7a0614745131e0a6f28251f5d33ac19d0ed61d80db7153",
                "sha256:8591ad5768860ad186dc94fd58b2932604a7639b57eefbbff2b4865af3407691",
                "sha256:860edf8533223d82bd6201894bcaf540f828f49075f363390eecf04b12fb94cb",
                "sha256:86e9c48ffeddb0f943e87ab65e1e95dccc9b44ef3761af3bf9642973ab7646d2",
                "sha256:87851a82bdf849e3c40ff6d8af5f734634e17f52a8f7f7e74486c2f8ce717578",
                "sha256:87897ec0e4876c9f2c1ae313519de0ed2ad8041a4d2210a083f9b4a239add2e3",
                "sha256:888df211aafe5fad41c0792a686d95c8ba37345d5037f437aa3c09608f9c3b56",
                "sha256:8ab6770833976448a9a973bc0df63adedc4c30de4774cec5a9928fc496423ebb",
                "sha256:8abd23f94cdcce971d932a5f0a066d40fbc61901fd087aa70d32cccd1793bd20",
                "sha256:8b2f31a4cc28aef27355ab896e4b4cc2da2204b2b7adb674d8be7fefa0c93868",
                "sha256:8b8fd92c8026e4ba6874e94f538890e35bef2a3a18ea54e3663c578b7916ade1",
                "sha256:8becbb9649fd29ee577f9f0405ce2fba5cf9fa2c290c9b044bc235c04473f213",
                "sha256:91f43f6b6c9129a56d3e2dccb8b88ffce0e4f4893dd9d69d285676bdf5b9ca14",
                "sha256:979d42e0b2c3113526f9716a461e08671788a23ce7e3b5cd090ce3e6a6762641",
                "sha256:980f6564218f853a9341fb045446539d4153338926ed2fb222e86dc9b2ae9b8f",
                "sha256:99c9345c417a9cff98f9f6e59b0350dcc10c2e0e1ea66acf7946de1cd60541fa",
                "sha256:9a544f99c24b6f658907eb9edf290a9c54f4106738b2ab84cd19dc6013cc3abf",
                "sha256:9ee181cc00aaba38d9812f4df4e7d828105b6dde3b068cd2c43f1d8f395e0046",
                "sha256:a1d439c98e65ab8e5fbcc2b242a16e7a3f076974bff78185ff42ba2d4c220032",
                "sha256:a5fc2512bdf5289a1412c936c65d17881d2b46edb0036c63a8d5605dc8d398a3",
                "sha256:a69c99274aee2ffdc7f1cfd34044ccb7155790d6f5217d677ea46a6ddead6dd2",
                "sha256:b43d56c7c96f5a055f4051be426496db2a616840645d0ab3733d5ceacb2f701b",
                "sha256:b508e1bba4ec68fd0ef28505e2dad2f56de7df710c8334c97036705a562cb908",
                "sha256:b5df624ee8a4098c3b1149f4817f2a4a0121c4920e1c114af324bc52d6659e2b",
                "sha256:bd7f4b2df89bf4e298756c0be0be67fb84d6aa49bda60d46805d43f0e643abd5",
                "sha256:c3956ae54285ab30d802756144887e30e013f81c9f03e5ffff9daa46d8ca0154",
                "sha256:c531532c21bc1063e65957a1a85a2d13601ec21801f70821c89d9339b16ebc78",
                "sha256:cb1d60ed709989e34e7158d97fdb077a2f2dfc505998a84161a70f81a6101172",
                "sha256:cb46c3a4002c8322dd0e1b4b53f8a647dcb0f199f5c7a1fc03d3880c3eabbd2c",
                "sha256:cb9a8ee23416bd0cfd457118978bc2f6f02c20b95336db486887f670bf92c2b7",
                "sha256:d089b1d0b157c9a484f8f7475eecea813d0dc3818adc5bf352903da14fe88fc3",
                "sha256:d3b5abb73c45d40d27f9795dac9d6eb1515729c13f93dd67df2be07be6549990",
                "sha256:d63f20299441e32171f08fc62f7ea7e401cc12a96f67a36ab2d76439ecfcb118",
                "sha256:da1570f301abdfda68f4fdb40c4d3f09af4bb6e4550b4fa5395db0d142b680bc",
                "sha256:e2a0313657e6656efca2148cfc91c50fdafca6f811b6c7d0906e6ba57134e560",
                "sha256:e4b7fdb9772e087174f446655bbc497a1600b5758f279c6d44fcf344c13d5c8a",
                "sha256:ea33ed09157e032f0a7a2627ef87f156e9927697f59b55961439d34bf45af23a",
                "sha256:f64abe9301b918d2c352e42198cea0196f3639bc1ad23a4a9d8ae97f66068901",
                "sha256:f71256a32609b036adad932e1228b66a6b4e2cae6be397e588ddc0babd9a78b9",
                "sha256:fb3f003dee96dbf24a6df71443557f249b17b20083c189995302b14eb01530bf",
                "sha256:fe80c23409efb41b86efb5e45f334420a9b5b7828f5b3d08b5ff28f03a024d9e"
            ],
            "version": "==2.7.3"
        },
        "certifi": {
            "hashes": [
                "sha256:0f0d56dc5a6ad56fd4ba36484d6cc34451e1c6548c61daad8c320169f91eddc7",
                "sha256:c6c2e98f5c7869efca1f8916fed228dd91539f9f1b444c314c06eef02980c716"
            ],
            "markers": "python_version >= '3.6'",
            "version": "==2023.5.7"
        },
        "charset-normalizer": {
            "hashes": [
                "sha256:04afa6387e2b282cf78ff3dbce20f0cc071c12dc8f685bd40960cc68644cfea6",
                "sha256:04eefcee095f58eaabe6dc3cc2262f3bcd776d2c67005880894f447b3f2cb9c1",
                "sha256:0be65ccf618c1e7ac9b849c315cc2e8a8751d9cfdaa43027d4f6624bd587ab7e",
                "sha256:0c95f12b74681e9ae127728f7e5409cbbef9cd914d5896ef238cc779b8152373",
                "sha256:0ca564606d2caafb0abe6d1b5311c2649e8071eb241b2d64e75a0d0065107e62",
                "sha256:10c93628d7497c81686e8e5e557aafa78f230cd9e77dd0c40032ef90c18f2230",
                "sha256:11d117e6c63e8f495412d37e7dc2e2fff09c34b2d09dbe2bee3c6229577818be",
                "sha256:11d3bcb7be35e7b1bba2c23beedac81ee893ac9871d0ba79effc7fc01167db6c",
                "sha256:12a2b561af122e3d94cdb97fe6fb2bb2b82cef0cdca131646fdb940a1eda04f0",
                "sha256:12d1a39aa6b8c6f6248bb54550efcc1c38ce0d8096a146638fd4738e42284448",
                "sha256:1435ae15108b1cb6fffbcea2af3d468683b7afed0169ad718451f8db5d1aff6f",
                "sha256:1c60b9c202d00052183c9be85e5eaf18a4ada0a47d188a83c8f5c5b23252f649",
                "sha256:1e8fcdd8f672a1c4fc8d0bd3a2b576b152d2a349782d1eb0f6b8e52e9954731d",
                "sha256:20064ead0717cf9a73a6d1e779b23d149b53daf971169289ed2ed43a71e8d3b0",
                "sha256:21fa558996782fc226b529fdd2ed7866c2c6ec91cee82735c98a197fae39f706",
                "sha256:22908891a380d50738e1f978667536f6c6b526a2064156203d418f4856d6e86a",
                "sha256:3160a0fd9754aab7d47f95a6b63ab355388d890163eb03b2d2b87ab0a30cfa59",
                "sha256:322102cdf1ab682ecc7d9b1c5eed4ec59657a65e1c146a0da342b78f4112db23",
                "sha256:34e0a2f9c370eb95597aae63bf85eb5e96826d81e3dcf88b8886012906f509b5",
                "sha256:3573d376454d956553c356df45bb824262c397c6e26ce43e8203c4c540ee0acb",
                "sha256:3747443b6a904001473370d7810aa19c3a180ccd52a7157aacc264a5ac79265e",
                "sha256:38e812a197bf8e71a59fe55b757a84c1f946d0ac114acafaafaf21667a7e169e",
                "sha256:3a06f32c9634a8705f4ca9946d667609f52cf130d5548881401f1eb2c39b1e2c",
                "sha256:3a5fc78f9e3f501a1614a98f7c54d3969f3ad9bba8ba3d9b438c3bc5d047dd28",
                "sha256:3d9098b479e78c85080c98e1e35ff40b4a31d8953102bb0fd7d1b6f8a2111a3d",
                "sha256:3dc5b6a8ecfdc5748a7e429782598e4f17ef378e3e272eeb1340ea57c9109f41",
                "sha256:4155b51ae05ed47199dc5b2a4e62abccb274cee6b01da5b895099b61b1982974",
                "sha256:49919f8400b5e49e961f320c735388ee686a62327e773fa5b3ce6721f7e785ce",
                "sha256:53d0a3fa5f8af98a1e261de6a3943ca631c526635eb5817a87a59d9a57ebf48f",
                "sha256:5f008525e02908b20e04707a4f704cd286d94718f48bb33edddc7d7b584dddc1",
                "sha256:628c985afb2c7d27a4800bfb609e03985aaecb42f955049957814e0491d4006d",
                "sha256:65ed923f84a6844de5fd29726b888e58c62820e0769b76565480e1fdc3d062f8",
                "sha256:6734e606355834f13445b6adc38b53c0fd45f1a56a9ba06c2058f86893ae8017",
                "sha256:6baf0baf0d5d265fa7944feb9f7451cc316bfe30e8df1a61b1bb08577c554f31",
                "sha256:6f4f4668e1831850ebcc2fd0b1cd11721947b6dc7c00bf1c6bd3c929ae14f2c7",
                "sha256:6f5c2e7bc8a4bf7c426599765b1bd33217ec84023033672c1e9a8b35eaeaaaf8",
                "sha256:6f6c7a8a57e9405cad7485f4c9d3172ae486cfef1344b5ddd8e5239582d7355e",
                "sha256:7381c66e0561c5757ffe616af869b916c8b4e42b367ab29fedc98481d1e74e14",
                "sha256:73dc03a6a7e30b7edc5b01b601e53e7fc924b04e1835e8e407c12c037e81adbd",
                "sha256:74db0052d985cf37fa111828d0dd230776ac99c740e1a758ad99094be4f1803d",
                "sha256:75f2568b4189dda1c567339b48cba4ac7384accb9c2a7ed655cd86b04055c795",
                "sha256:78cacd03e79d009d95635e7d6ff12c21eb89b894c354bd2b2ed0b4763373693b",
                "sha256:80d1543d58bd3d6c271b66abf454d437a438dff01c3e62fdbcd68f2a11310d4b",
                "sha256:830d2948a5ec37c386d3170c483063798d7879037492540f10a475e3fd6f244b",
                "sha256:891cf9b48776b5c61c700b55a598621fdb7b1e301a550365571e9624f270c203",
                "sha256:8f25e17ab3039b05f762b0a55ae0b3632b2e073d9c8fc88e89aca31a6198e88f",
                "sha256:9a3267620866c9d17b959a84dd0bd2d45719b817245e49371ead79ed4f710d19",
                "sha256:a04f86f41a8916fe45ac5024ec477f41f886b3c435da2d4e3d2709b22ab02af1",
                "sha256:aaf53a6cebad0eae578f062c7d462155eada9c172bd8c4d250b8c1d8eb7f916a",
                "sha256:abc1185d79f47c0a7aaf7e2412a0eb2c03b724581139193d2d82b3ad8cbb00ac",
                "sha256:ac0aa6cd53ab9a31d397f8303f92c42f534693528fafbdb997c82bae6e477ad9",
                "sha256:ac3775e3311661d4adace3697a52ac0bab17edd166087d493b52d4f4f553f9f0",
                "sha256:b06f0d3bf045158d2fb8837c5785fe9ff9b8c93358be64461a1089f5da983137",
                "sha256:b116502087ce8a6b7a5f1814568ccbd0e9f6cfd99948aa59b0e241dc57cf739f",
                "sha256:b82fab78e0b1329e183a65260581de4375f619167478dddab510c6c6fb04d9b6",
                "sha256:bd7163182133c0c7701b25e604cf1611c0d87712e56e88e7ee5d72deab3e76b5",
                "sha256:c36bcbc0d5174a80d6cccf43a0ecaca44e81d25be4b7f90f0ed7bcfbb5a00909",
                "sha256:c3af8e0f07399d3176b179f2e2634c3ce9c1301379a6b8c9c9aeecd481da494f",
                "sha256:c84132a54c750fda57729d1e2599bb598f5fa0344085dbde5003ba429a4798c0",
                "sha256:cb7b2ab0188829593b9de646545175547a70d9a6e2b63bf2cd87a0a391599324",
                "sha256:cca4def576f47a09a943666b8f829606bcb17e2bc2d5911a46c8f8da45f56755",
                "sha256:cf6511efa4801b9b38dc5546d7547d5b5c6ef4b081c60b23e4d941d0eba9cbeb",
                "sha256:d16fd5252f883eb074ca55cb622bc0bee49b979ae4e8639fff6ca3ff44f9f854",
                "sha256:d2686f91611f9e17f4548dbf050e75b079bbc2a82be565832bc8ea9047b61c8c",
                "sha256:d7fc3fca01da18fbabe4625d64bb612b533533ed10045a2ac3dd194bfa656b60",
                "sha256:dd5653e67b149503c68c4018bf07e42eeed6b4e956b24c00ccdf93ac79cdff84",
                "sha256:de5695a6f1d8340b12a5d6d4484290ee74d61e467c39ff03b39e30df62cf83a0",
                "sha256:e0ac8959c929593fee38da1c2b64ee9778733cdf03c482c9ff1d508b6b593b2b",
                "sha256:e1b25e3ad6c909f398df8921780d6a3d120d8c09466720226fc621605b6f92b1",
                "sha256:e633940f28c1e913615fd624fcdd72fdba807bf53ea6925d6a588e84e1151531",
                "sha256:e89df2958e5159b811af9ff0f92614dabf4ff617c03a4c1c6ff53bf1c399e0e1",
                "sha256:ea9f9c6034ea2d93d9147818f17c2a0860d41b71c38b9ce4d55f21b6f9165a11",
                "sha256:f645caaf0008bacf349875a974220f1f1da349c5dbe7c4ec93048cdc785a3326",
                "sha256:f8303414c7b03f794347ad062c0516cee0e15f7a612abd0ce1e25caf6ceb47df",
                "sha256:fca62a8301b605b954ad2e9c3666f9d97f63872aa4efcae5492baca2056b74ab"
            ],
            "markers": "python_full_version >= '3.7.0'",
            "version": "==3.1.0"
        },
        "dm-pybloom": {
            "hashes": [
                "sha256:a98fbd293158b3412696d9585044fb422330b51d6056ed87acdd46158ac15bdb",
                "sha256:e9be7ca1d6b6e2bf37dff737b5765381da34431d6c376f4b1d089d0d83d84a92"
            ],
            "index": "pypi",
            "version": "==3.0.4"
        },
        "idna": {
            "hashes": [
                "sha256:814f528e8dead7d329833b91c5faa87d60bf71824cd12a7530b5526063d02cb4",
                "sha256:90b77e79eaa3eba6de819a0c442c0b4ceefc341a7a2ab77d7562bf49f425c5c2"
            ],
            "markers": "python_version >= '3.5'",
            "version": "==3.4"
        },
        "justext": {
            "hashes": [
                "sha256:330035dfaaa960465276afa1836dfb6e63791011a8dfc6da2757142cc4d14d54",
                "sha256:4b8b7f0749e8725f0089ebe0239c1a45286d61bf507b3f05d136c2700dea4aa6"
            ],
            "index": "pypi",
            "version": "==2.2.0"
        },
        "lxml": {
            "hashes": [
                "sha256:04da965dfebb5dac2619cb90fcf93efdb35b3c6994fea58a157a834f2f94b318",
                "sha256:0538747a9d7827ce3e16a8fdd201a99e661c7dee3c96c885d8ecba3c35d1032c",
                "sha256:0645e934e940107e2fdbe7c5b6fb8ec6232444260752598bc4d09511bd056c0b",
                "sha256:079b68f197c796e42aa80b1f739f058dcee796dc725cc9a1be0cdb08fc45b000",
                "sha256:0f3f0059891d3254c7b5fb935330d6db38d6519ecd238ca4fce93c234b4a0f73",
                "sha256:10d2017f9150248563bb579cd0d07c61c58da85c922b780060dcc9a3aa9f432d",
                "sha256:1355755b62c28950f9ce123c7a41460ed9743c699905cbe664a5bcc5c9c7c7fb",
                "sha256:13c90064b224e10c14dcdf8086688d3f0e612db53766e7478d7754703295c7c8",
                "sha256:1423631e3d51008871299525b541413c9b6c6423593e89f9c4cfbe8460afc0a2",
                "sha256:1436cf0063bba7888e43f1ba8d58824f085410ea2025befe81150aceb123e345",
                "sha256:1a7c59c6ffd6ef5db362b798f350e24ab2cfa5700d53ac6681918f314a4d3b94",
                "sha256:1e1cf47774373777936c5aabad489fef7b1c087dcd1f426b621fda9dcc12994e",
                "sha256:206a51077773c6c5d2ce1991327cda719063a47adc02bd703c56a662cdb6c58b",
                "sha256:21fb3d24ab430fc538a96e9fbb9b150029914805d551deeac7d7822f64631dfc",
                "sha256:27e590352c76156f50f538dbcebd1925317a0f70540f7dc8c97d2931c595783a",
                "sha256:287605bede6bd36e930577c5925fcea17cb30453d96a7b4c63c14a257118dbb9",
                "sha256:2aaf6a0a6465d39b5ca69688fce82d20088c1838534982996ec46633dc7ad6cc",
                "sha256:32a73c53783becdb7eaf75a2a1525ea8e49379fb7248c3eeefb9412123536387",
                "sha256:41fb58868b816c202e8881fd0f179a4644ce6e7cbbb248ef0283a34b73ec73bb",
                "sha256:4780677767dd52b99f0af1f123bc2c22873d30b474aa0e2fc3fe5e02217687c7",
                "sha256:4878e667ebabe9b65e785ac8da4d48886fe81193a84bbe49f12acff8f7a383a4",
                "sha256:487c8e61d7acc50b8be82bda8c8d21d20e133c3cbf41bd8ad7eb1aaeb3f07c97",
                "sha256:4beea0f31491bc086991b97517b9683e5cfb369205dac0148ef685ac12a20a67",
                "sha256:4cfbe42c686f33944e12f45a27d25a492cc0e43e1dc1da5d6a87cbcaf2e95627",
                "sha256:4d5bae0a37af799207140652a700f21a85946f107a199bcb06720b13a4f1f0b7",
                "sha256:4e285b5f2bf321fc0857b491b5028c5f276ec0c873b985d58d7748ece1d770dd",
                "sha256:57e4d637258703d14171b54203fd6822fda218c6c2658a7d30816b10995f29f3",
                "sha256:5974895115737a74a00b321e339b9c3f45c20275d226398ae79ac008d908bff7",
                "sha256:5ef87fca280fb15342726bd5f980f6faf8b84a5287fcc2d4962ea8af88b35130",
                "sha256:603a464c2e67d8a546ddaa206d98e3246e5db05594b97db844c2f0a1af37cf5b",
                "sha256:6653071f4f9bac46fbc30f3c7838b0e9063ee335908c5d61fb7a4a86c8fd2036",
                "sha256:6ca2264f341dd81e41f3fffecec6e446aa2121e0b8d026fb5130e02de1402785",
                "sha256:6d279033bf614953c3fc4a0aa9ac33a21e8044ca72d4fa8b9273fe75359d5cca",
                "sha256:6d949f53ad4fc7cf02c44d6678e7ff05ec5f5552b235b9e136bd52e9bf730b91",
                "sha256:6daa662aba22ef3258934105be2dd9afa5bb45748f4f702a3b39a5bf53a1f4dc",
                "sha256:6eafc048ea3f1b3c136c71a86db393be36b5b3d9c87b1c25204e7d397cee9536",
                "sha256:830c88747dce8a3e7525defa68afd742b4580df6aa2fdd6f0855481e3994d391",
                "sha256:86e92728ef3fc842c50a5cb1d5ba2bc66db7da08a7af53fb3da79e202d1b2cd3",
                "sha256:8caf4d16b31961e964c62194ea3e26a0e9561cdf72eecb1781458b67ec83423d",
                "sha256:8d1a92d8e90b286d491e5626af53afef2ba04da33e82e30744795c71880eaa21",
                "sha256:8f0a4d179c9a941eb80c3a63cdb495e539e064f8054230844dcf2fcb812b71d3",
                "sha256:9232b09f5efee6a495a99ae6824881940d6447debe272ea400c02e3b68aad85d",
                "sha256:927a9dd016d6033bc12e0bf5dee1dde140235fc8d0d51099353c76081c03dc29",
                "sha256:93e414e3206779ef41e5ff2448067213febf260ba747fc65389a3ddaa3fb8715",
                "sha256:98cafc618614d72b02185ac583c6f7796202062c41d2eeecdf07820bad3295ed",
                "sha256:9c3a88d20e4fe4a2a4a84bf439a5ac9c9aba400b85244c63a1ab7088f85d9d25",
                "sha256:9f36de4cd0c262dd9927886cc2305aa3f2210db437aa4fed3fb4940b8bf4592c",
                "sha256:a60f90bba4c37962cbf210f0188ecca87daafdf60271f4c6948606e4dabf8785",
                "sha256:a614e4afed58c14254e67862456d212c4dcceebab2eaa44d627c2ca04bf86837",
                "sha256:ae06c1e4bc60ee076292e582a7512f304abdf6c70db59b56745cca1684f875a4",
                "sha256:b122a188cd292c4d2fcd78d04f863b789ef43aa129b233d7c9004de08693728b",
                "sha256:b570da8cd0012f4af9fa76a5635cd31f707473e65a5a335b186069d5c7121ff2",
                "sha256:bcaa1c495ce623966d9fc8a187da80082334236a2a1c7e141763ffaf7a405067",
                "sha256:bd34f6d1810d9354dc7e35158aa6cc33456be7706df4420819af6ed966e85448",
                "sha256:be9eb06489bc975c38706902cbc6888f39e946b81383abc2838d186f0e8b6a9d",
                "sha256:c4b2e0559b68455c085fb0f6178e9752c4be3bba104d6e881eb5573b399d1eb2",
                "sha256:c62e8dd9754b7debda0c5ba59d34509c4688f853588d75b53c3791983faa96fc",
                "sha256:c852b1530083a620cb0de5f3cd6826f19862bafeaf77586f1aef326e49d95f0c",
                "sha256:d9fc0bf3ff86c17348dfc5d322f627d78273eba545db865c3cd14b3f19e57fa5",
                "sha256:dad7b164905d3e534883281c050180afcf1e230c3d4a54e8038aa5cfcf312b84",
                "sha256:e5f66bdf0976ec667fc4594d2812a00b07ed14d1b44259d19a41ae3fff99f2b8",
                "sha256:e8f0c9d65da595cfe91713bc1222af9ecabd37971762cb830dea2fc3b3bb2acf",
                "sha256:edffbe3c510d8f4bf8640e02ca019e48a9b72357318383ca60e3330c23aaffc7",
                "sha256:eea5d6443b093e1545ad0210e6cf27f920482bfcf5c77cdc8596aec73523bb7e",
                "sha256:ef72013e20dd5ba86a8ae1aed7f56f31d3374189aa8b433e7b12ad182c0d2dfb",
                "sha256:f05251bbc2145349b8d0b77c0d4e5f3b228418807b1ee27cefb11f69ed3d233b",
                "sha256:f1be258c4d3dc609e654a1dc59d37b17d7fef05df912c01fc2e15eb43a9735f3",
                "sha256:f9ced82717c7ec65a67667bb05865ffe38af0e835cdd78728f1209c8fffe0cad",
                "sha256:fe17d10b97fdf58155f858606bddb4e037b805a60ae023c009f760d8361a4eb8",
                "sha256:fe749b052bb7233fe5d072fcb549221a8cb1a16725c47c37e42b0b9cb3ff2c3f"
            ],
            "index": "pypi",
            "version": "==4.9.1"
        },
        "psycopg2": {
            "hashes": [
                "sha256:128d0fa910ada0157bba1cb74a9c5f92bb8a1dca77cf91a31eb274d1f889e001",
                "sha256:227fd46cf9b7255f07687e5bde454d7d67ae39ca77e170097cdef8ebfc30c323",
                "sha256:2315e7f104681d498ccf6fd70b0dba5bce65d60ac92171492bfe228e21dcc242",
                "sha256:4b5417dcd2999db0f5a891d54717cfaee33acc64f4772c4bc574d4ff95ed9d80",
                "sha256:640113ddc943522aaf71294e3f2d24013b0edd659b7820621492c9ebd3a2fb0b",
                "sha256:897a6e838319b4bf648a574afb6cabcb17d0488f8c7195100d48d872419f4457",
                "sha256:8dceca81409898c870e011c71179454962dec152a1a6b86a347f4be74b16d864",
                "sha256:b1b8e41da09a0c3ef0b3d4bb72da0dde2abebe583c1e8462973233fd5ad0235f",
                "sha256:cb407fccc12fc29dc331f2b934913405fa49b9b75af4f3a72d0f50f57ad2ca23",
                "sha256:d3a27550a8185e53b244ad7e79e307594b92fede8617d80200a8cce1fba2c60f",
                "sha256:f0e6b697a975d9d3ccd04135316c947dd82d841067c7800ccf622a8717e98df1"
            ],
            "index": "pypi",
            "version": "==2.8.3"
        },
        "requests": {
            "hashes": [
                "sha256:58cd2187c01e70e6e26505bca751777aa9f2ee0b7f4300988b709f44e013003f",
                "sha256:942c5a758f98d790eaed1a29cb6eefc7ffb0d1cf7af05c3d2791656dbd6ad1e1"
            ],
            "index": "pypi",
            "version": "==2.31.0"
        },
        "requests-file": {
            "hashes": [
                "sha256:07d74208d3389d01c38ab89ef403af0cfec63957d53a0081d8eca738d0247d8e",
                "sha256:dfe5dae75c12481f68ba353183c53a65e6044c923e64c24b2209f6c7570ca953"
            ],
            "version": "==1.5.1"
        },
        "setuptools": {
            "hashes": [
                "sha256:5df61bf30bb10c6f756eb19e7c9f3b473051f48db77fddbe06ff2ca307df9a6f",
                "sha256:62642358adc77ffa87233bc4d2354c4b2682d214048f500964dbe760ccedf102"
            ],
            "markers": "python_full_version >= '3.7.0'",
            "version": "==67.8.0"
        },
        "six": {
            "hashes": [
                "sha256:1e61c37477a1626458e36f7b1d82aa5c9b094fa4802892072e49de9c60c4c926",
                "sha256:8abb2f1d86890a2dfb989f9a77cfcfd3e47c2a354b01111771326f8aa26e0254"
            ],
            "markers": "python_version >= '2.7' and python_version not in '3.0, 3.1, 3.2, 3.3'",
            "version": "==1.16.0"
        },
        "tldextract": {
            "hashes": [
                "sha256:2c1c5d9d454f79734b4f3da0d603856dd9f820753410a3e9abf0a0c9fde33e97",
                "sha256:b72bef6013de67c7fa181250bc2c2e089a994d259c09ca95a9771f2f97e29ed1"
            ],
            "index": "pypi",
            "version": "==2.2.1"
        },
        "unidecode": {
            "hashes": [
                "sha256:8c698f567aa098aeacfbad2d4a416f9803236bdc5ece09653b6e6dfe3f03f102"
            ],
            "index": "pypi",
            "version": "==1.1.0"
        },
        "urllib3": {
            "hashes": [
                "sha256:753a0374df26658f99d826cfe40394a686d05985786d946fbe4165b5148f5a7c",
                "sha256:a7acd0977125325f516bda9735fa7142b909a8d01e8b2e4c8108d0984e6e0098"
            ],
            "index": "pypi",
            "version": "==1.26.5"
        },
        "wikipedia-api": {
            "hashes": [
                "sha256:94b957728cbb16f21e30fd3ef42214c84810349e2828f42367be61c52da4458f"
            ],
            "index": "pypi",
            "version": "==0.5.1"
        }
    },
    "develop": {}
}
