{
    "_meta": {
        "hash": {
            "sha256": "2e654d30f434fbb9bce23ba3c6eef6823240fdbab38bd0327d9a495c56380eaf"
        },
        "pipfile-spec": 6,
        "requires": {
            "python_version": "3.7"
        },
        "sources": [
            {
                "name": "pypi",
                "url": "https://pypi.org/simple",
                "verify_ssl": true
            }
        ]
    },
    "default": {
        "bitarray": {
            "hashes": [
                "sha256:00a7df14e82b0da37b47f51a1e6a053dbdccbad52627ae6ce6f2516e3ca7db13",
                "sha256:03425503093f28445b7e8c7df5faf2a704e32ee69c80e6dc5518ccea0b876ac9",
                "sha256:06984d12925e595a26da7855a5e868ce9b19b646e4b130e69a85bfcd6ce9227b",
                "sha256:089c707a4997b49cd3a4fb9a4239a9b0aaac59cc937dfa84c9a6862f08634d6f",
                "sha256:0cd43f0943af45a1056f5dbdd10dc07f513d80ede72cac0306a342db6bf87d1d",
                "sha256:0d19fd86aa02dbbec68ffb961a237a0bd2ecfbd92a6815fea9f20e9a3536bd92",
                "sha256:0d47baae8d5618cce60c20111a4ceafd6ed155e5501e0dc9fb9db55408e63e4a",
                "sha256:11447698f2ae9ac6417d25222ab1e6ec087c32d603a9131b2c09ce0911766002",
                "sha256:117d53e1ada8d7f9b8a350bb78597488311637c036da1a6aeb7071527672fdf7",
                "sha256:123d3802e7eafada61854d16c20d0df0c5f1d68da98f9e16059a23d200b5057a",
                "sha256:13dde9b590e27e9b8be9b96b1d697dbb19ca5c790b7d45a5ed310049fe9221b5",
                "sha256:143c9ac7a7f7e155f42bbf1fa547feaf9b4b2c226a25f17ae0d0d537ce9a328d",
                "sha256:16b6144c30aa6661787a25e489335065e44fc4f74518e1e66e4591d669460516",
                "sha256:181394e0da1817d7a72a9b6cad6a77f6cfac5aa70007e21aadfa702fcf0d89eb",
                "sha256:18f7a8d4ebb8c8750e9aafbcfa1b2bfa9b6291baec6d4a31186762956f88cada",
                "sha256:1ddb75bd9bfbdff5231f0218e7cd4fd72653dc0c7baa782c3a95ff3dac4d5556",
                "sha256:1deaaebbae83cf7b6fd252c36a4f03bd820bcf209da1ca400dddbf11064e35ec",
                "sha256:1dfa4b66779ea4bba23ca655edbdd7e8c839daea160c6a1f1c1e6587fb8c79af",
                "sha256:1f90c59309f7208792f46d84adac58d8fdf6db3b1479b40e6386dd39a12950eb",
                "sha256:1fdba2209df0ca379b5276dc48c189f424ec6701158a666876265b2669db9ed7",
                "sha256:216af36c9885a229d493ebdd5aa5648aae8db15b1c79ca6c2ad11b7f9bf4062f",
                "sha256:28dced57e7ee905f0a6287b6288d220d35d0c52ea925d2461b4eef5c16a40263",
                "sha256:2e3636c073b501029256fda1546020b60e0af572a9a5b11f5c50c855113b1fbc",
                "sha256:323d1b9710d1ef320c0b6c1f3d422355b8c371f4c898d0a9d9acb46586fd30d4",
                "sha256:3619bd30f163a3748325677996d4095b56ab1eb21610797f2b59f30e26ad1a7a",
                "sha256:36eb9bdeee9c5988beca491741c4e2611abbea7fbbe3f4ebe35e00d509c40847",
                "sha256:37fe92915561dd688ff450235ce75faa6679940c78f7e002ebc092aa71cadce9",
                "sha256:3a83eedc91f88d31e1e7e386bd7bf65eacd5064af95d5b1ccd512bef3d516a4b",
                "sha256:3d6922dffc5e123e09907b79291951655ec0a2fde7c36a5584eb67c3b769d118",
                "sha256:40997802289d647952449b8bf0ee5c56f1f767e65ab33c63e8f756ba463343a7",
                "sha256:40e6047a049595147518e6fe40759e609559799402efade093a3b67cda9e7ea9",
                "sha256:432ff0eaf79414df582be023748d48c9b3a7d20cead494b7bc70a66cb62fb34f",
                "sha256:45c5e6d5970ade6f98e91341b47722c3d0d68742bf62e3d47b586897c447e78a",
                "sha256:46fb5fbde325fd0bfcd9efd7ea3c5e2c1fd7117ad06e5cf37ca2c6dab539abc4",
                "sha256:4b6650d05ebb92379465393bd279d298ff0a13fbf23bacbd1bcb20d202fccc67",
                "sha256:4e5c53500ee060c36303210d34df0e18636584ae1a70eb427e96fed70189896f",
                "sha256:524b5898248b47a1f39cd54ab739e823bb6469d4b3619e84f246b654a2239262",
                "sha256:5557e41cd92a9f05795980d762e9eca4dee3b393b8a005cb5e091d1e5c319181",
                "sha256:561e6b5a8f4498240f34de67dc672f7a6867c6f28681574a41dc73bb4451b0cb",
                "sha256:599a57c5f0082311bccf7b35a3eaa4fdca7bf59179cb45958a6a418a9b8339d1",
                "sha256:5ff04386b9868cc5961d95c84a8389f5fc4e3a2cbea52499a907deea13f16ae4",
                "sha256:6167bf10c3f773612a65b925edb4c8e002f1b826db6d3e91839153d6030fec17",
                "sha256:62899c1102b47637757ad3448cb32caa4d4d8070986c29abe091711535644192",
                "sha256:639f8ebaad5cec929dd73859d5ab850d4df746272754987720cf52fbbe2ec08e",
                "sha256:66cf402bc4154a074d95f4dec3260497f637112fb982c2335d3bbc174d8c0a2d",
                "sha256:67af0a5f32ec1de99c6baaa2359c47adac245fda20969c169da9b03dacb48fb7",
                "sha256:6897cd0c67c9433faca9023cb5eff25678e056764ce158998e6f30137e9a7f17",
                "sha256:6bd66672c9695e75cf54d1f3f143a85e6b57078a7b86faf0de2c0c97736dfbb4",
                "sha256:6f45bffd00892afa7e455990a9da0bbe0ac2bee978b4bdbb70439345f61b618a",
                "sha256:706835e0e40b4707894af0ddd193eb8bbfb72835db8e4a8be7f6697ddc63c3eb",
                "sha256:741fc4eb77847b5f046559f77e0f822b3ce270774098f075bc712ef9f5c5948d",
                "sha256:74dd172224a2e9fea2818a0d8c892b273fa6de434b953b97a2252572fcf01fb3",
                "sha256:7885e5c23bb2954d913b4e8bb1486a7d2fbf69d27438ef096178eccf1d9e1e7a",
                "sha256:7cd2df3c507ee85219b38e2812174ba8236a77a729f6d9ba3f66faed8661dc3b",
                "sha256:816510e83e61d1f44ff2f138863068451840314774bad1cc2911a1f86c93eb2f",
                "sha256:83f80d6f752d40d633c99c12d24d11774a6c3c3fd02dfd038a0496892fb15ed3",
                "sha256:84137be7d55bed08e3ef507b0bde8311290bf92fba5a9d05069b0d1910217f16",
                "sha256:844e12f06e7167855c7db6838ea4ef08e44621dd4606039a4b5c0c6ca0801edf",
                "sha256:86a563fa4d2bfb2394ac21f71f8e8bb1d606d030b003398efe37c5323df664aa",
                "sha256:8a6593023d03dc71f015efba1ce9319982a49add363050a3e298904ca19b60ef",
                "sha256:8d59ddee615c64a8c37c5bfd48ceea5b88d8808f90234e9154e1e209981a4683",
                "sha256:8d5fc3e73f189daf8f351fefdbad77a6f4edc5ad001aca4a541615322dbe8ee9",
                "sha256:8fb89f6b229ef8fa0e70d9206c57118c2f9bd98c54e3d73c4de00ab8147eed1c",
                "sha256:90f3c63e44eb11424745453da1798ed6abcf6f467a92b75fda7b182cb1fb3e01",
                "sha256:93c5937df1bfbfb17ee17c7717b49cbe04d88fa5d9dcfc1846914318dcf0135b",
                "sha256:951b39a515ed07487df02f0480617500f87b5e01cb36ec775dd30577633bec44",
                "sha256:991dfaee77ecd82d96ddd85d242836de9471940dd89e943feea26549a9170ecb",
                "sha256:9a89b32c81e3e8a5f3fe9b458881ef03c1ba60829ae97999a15e86ea476489c6",
                "sha256:9d4723b41afbd3574d3a72a383f80112aeceaeebbe6204b1e0ac8d4d7f2353b2",
                "sha256:a13d7cfdbcc5604670abb1faaa8e2082b4ce70475922f07bbee3cd999b092698",
                "sha256:a5618e50873f8a5ba96facbf61c5f342ee3212fee4b64c21061a89cb09df4428",
                "sha256:aa54a847ae50050099e23ddc2bf20c7f2792706f95e997095e3551048841fc68",
                "sha256:aa6e51062a9eba797d97390a4c1f7941e489dd807b2de01d6a190d1a69eacf0a",
                "sha256:aabceebde1a450eb363a7ad7a531ab54992520f0a7386844bac7f700d00bb2d3",
                "sha256:ae79e0ed10cf221845e036bc7c3501e467a3bf288768941da1d8d6aaf12fec34",
                "sha256:b101a770d11b4fb0493e649cf3160d8de582e32e517ff3a7d024fad2e6ffe9e1",
                "sha256:b3381e75bb34ca0f455c4a0ac3625e5d9472f79914a3fd15ee1230584eab7d00",
                "sha256:b70caaec1eece68411dfeded34466ad259e852ac4be8ee4001ee7dea4b37a5b2",
                "sha256:b7bf3667e4cb9330b5dc5ae3753e833f398d12cbe14db1baf55cfd6a3ff0052d",
                "sha256:b8c607bfcb43c8230e24c18c368c9773cf37040fb14355ecbc51ad7b7b89be5a",
                "sha256:ba2870bc136b2e76d02a64621e5406daf97b3a333287132344d4029d91ad4197",
                "sha256:bc347f9a869a9c2b224bae65f9ed12bd1f7f97c0cbdfe47e520d6a7ba5aeec52",
                "sha256:cc6b74eef97dc84acb429bb9c48363f88767f02b7d4a3e6dfd274334e0dc002e",
                "sha256:cd0a807a04e69aa9e4ea3314b43beb120dad231fce55c718aa00691595df628f",
                "sha256:cd151c59b3756b05d8d616230211e0fb9ee10826b080f51f3e0bf85775027f8c",
                "sha256:cd69a926a3363e25e94a64408303283c59085be96d71524bdbe6bfc8da2e34e0",
                "sha256:d0952c8417c21ea9eb2532475b2927753d6080f346f953a520e28794297d45f3",
                "sha256:d6b0ce7a00a1b886e2410c20e089f3c701bc179429c681060419bbbf6ea263b7",
                "sha256:dd5dcc4c26d7ef55934fcecea7ebd765313554d86747282c716fa64954cf103d",
                "sha256:dd7aa632610fe03272e01fd006c9db2c102340344b034c9bd63e2ed9e3f895cc",
                "sha256:e006e43ee096922cdaca797b313292a7ee29b43361da7d3d85d859455a0b6339",
                "sha256:e1df5bc9768861178632dab044725ad305170161c08e9aa1d70b074287d5cbd3",
                "sha256:e28b9af8ebeeb19396b7836a06fc1b375a5867cff6a558f7d35420d428a3e2ad",
                "sha256:eb45c7170c84c14d67978ccae74def18076a7e07cece0fc514078f4d5f8d0b71",
                "sha256:ebe2a6a8e714e5845fba173c05e26ca50616a7a7845c304f5c3ffccecda98c11",
                "sha256:ee6df5243fcab8bb2bd14396556f1a28eebf94862bf14c1333ff309177ac62ba",
                "sha256:f00dc03d1c909712a14edafd7edeccf77aca1590928f02f29901d767153b95ef",
                "sha256:f06680947298dca47437a79660c69db6442570dd492e8066ab3bf7166246dee1",
                "sha256:f4916b09f5dafe74133224956ce72399de1be7ca7b4726ce7bf8aac93f9b0ab6",
                "sha256:f59f189ed38ad6fc3ef77a038eae75757b2fe0e3e869085c5db7472f59eaefb3",
                "sha256:f89cd1a17b57810b640344a559de60039bf50de36e0d577f6f72fab7c23ee023",
                "sha256:fb33df6bbe32d2146229e7ad885f654adc1484c7f734633e6dba2af88000b947"
            ],
            "version": "==2.8.0"
        },
        "certifi": {
            "hashes": [
                "sha256:539cc1d13202e33ca466e88b2807e29f4c13049d6d87031a3c110744495cb082",
                "sha256:92d6037539857d8206b8f6ae472e8b77db8058fec5937a1ef3f54304089edbb9"
            ],
            "index": "pypi",
            "version": "==2023.7.22"
        },
        "charset-normalizer": {
            "hashes": [
                "sha256:04e57ab9fbf9607b77f7d057974694b4f6b142da9ed4a199859d9d4d5c63fe96",
                "sha256:09393e1b2a9461950b1c9a45d5fd251dc7c6f228acab64da1c9c0165d9c7765c",
                "sha256:0b87549028f680ca955556e3bd57013ab47474c3124dc069faa0b6545b6c9710",
                "sha256:1000fba1057b92a65daec275aec30586c3de2401ccdcd41f8a5c1e2c87078706",
                "sha256:1249cbbf3d3b04902ff081ffbb33ce3377fa6e4c7356f759f3cd076cc138d020",
                "sha256:1920d4ff15ce893210c1f0c0e9d19bfbecb7983c76b33f046c13a8ffbd570252",
                "sha256:193cbc708ea3aca45e7221ae58f0fd63f933753a9bfb498a3b474878f12caaad",
                "sha256:1a100c6d595a7f316f1b6f01d20815d916e75ff98c27a01ae817439ea7726329",
                "sha256:1f30b48dd7fa1474554b0b0f3fdfdd4c13b5c737a3c6284d3cdc424ec0ffff3a",
                "sha256:203f0c8871d5a7987be20c72442488a0b8cfd0f43b7973771640fc593f56321f",
                "sha256:246de67b99b6851627d945db38147d1b209a899311b1305dd84916f2b88526c6",
                "sha256:2dee8e57f052ef5353cf608e0b4c871aee320dd1b87d351c28764fc0ca55f9f4",
                "sha256:2efb1bd13885392adfda4614c33d3b68dee4921fd0ac1d3988f8cbb7d589e72a",
                "sha256:2f4ac36d8e2b4cc1aa71df3dd84ff8efbe3bfb97ac41242fbcfc053c67434f46",
                "sha256:3170c9399da12c9dc66366e9d14da8bf7147e1e9d9ea566067bbce7bb74bd9c2",
                "sha256:3b1613dd5aee995ec6d4c69f00378bbd07614702a315a2cf6c1d21461fe17c23",
                "sha256:3bb3d25a8e6c0aedd251753a79ae98a093c7e7b471faa3aa9a93a81431987ace",
                "sha256:3bb7fda7260735efe66d5107fb7e6af6a7c04c7fce9b2514e04b7a74b06bf5dd",
                "sha256:41b25eaa7d15909cf3ac4c96088c1f266a9a93ec44f87f1d13d4a0e86c81b982",
                "sha256:45de3f87179c1823e6d9e32156fb14c1927fcc9aba21433f088fdfb555b77c10",
                "sha256:46fb8c61d794b78ec7134a715a3e564aafc8f6b5e338417cb19fe9f57a5a9bf2",
                "sha256:48021783bdf96e3d6de03a6e39a1171ed5bd7e8bb93fc84cc649d11490f87cea",
                "sha256:4957669ef390f0e6719db3613ab3a7631e68424604a7b448f079bee145da6e09",
                "sha256:5e86d77b090dbddbe78867a0275cb4df08ea195e660f1f7f13435a4649e954e5",
                "sha256:6339d047dab2780cc6220f46306628e04d9750f02f983ddb37439ca47ced7149",
                "sha256:681eb3d7e02e3c3655d1b16059fbfb605ac464c834a0c629048a30fad2b27489",
                "sha256:6c409c0deba34f147f77efaa67b8e4bb83d2f11c8806405f76397ae5b8c0d1c9",
                "sha256:7095f6fbfaa55defb6b733cfeb14efaae7a29f0b59d8cf213be4e7ca0b857b80",
                "sha256:70c610f6cbe4b9fce272c407dd9d07e33e6bf7b4aa1b7ffb6f6ded8e634e3592",
                "sha256:72814c01533f51d68702802d74f77ea026b5ec52793c791e2da806a3844a46c3",
                "sha256:7a4826ad2bd6b07ca615c74ab91f32f6c96d08f6fcc3902ceeedaec8cdc3bcd6",
                "sha256:7c70087bfee18a42b4040bb9ec1ca15a08242cf5867c58726530bdf3945672ed",
                "sha256:855eafa5d5a2034b4621c74925d89c5efef61418570e5ef9b37717d9c796419c",
                "sha256:8700f06d0ce6f128de3ccdbc1acaea1ee264d2caa9ca05daaf492fde7c2a7200",
                "sha256:89f1b185a01fe560bc8ae5f619e924407efca2191b56ce749ec84982fc59a32a",
                "sha256:8b2c760cfc7042b27ebdb4a43a4453bd829a5742503599144d54a032c5dc7e9e",
                "sha256:8c2f5e83493748286002f9369f3e6607c565a6a90425a3a1fef5ae32a36d749d",
                "sha256:8e098148dd37b4ce3baca71fb394c81dc5d9c7728c95df695d2dca218edf40e6",
                "sha256:94aea8eff76ee6d1cdacb07dd2123a68283cb5569e0250feab1240058f53b623",
                "sha256:95eb302ff792e12aba9a8b8f8474ab229a83c103d74a750ec0bd1c1eea32e669",
                "sha256:9bd9b3b31adcb054116447ea22caa61a285d92e94d710aa5ec97992ff5eb7cf3",
                "sha256:9e608aafdb55eb9f255034709e20d5a83b6d60c054df0802fa9c9883d0a937aa",
                "sha256:a103b3a7069b62f5d4890ae1b8f0597618f628b286b03d4bc9195230b154bfa9",
                "sha256:a386ebe437176aab38c041de1260cd3ea459c6ce5263594399880bbc398225b2",
                "sha256:a38856a971c602f98472050165cea2cdc97709240373041b69030be15047691f",
                "sha256:a401b4598e5d3f4a9a811f3daf42ee2291790c7f9d74b18d75d6e21dda98a1a1",
                "sha256:a7647ebdfb9682b7bb97e2a5e7cb6ae735b1c25008a70b906aecca294ee96cf4",
                "sha256:aaf63899c94de41fe3cf934601b0f7ccb6b428c6e4eeb80da72c58eab077b19a",
                "sha256:b0dac0ff919ba34d4df1b6131f59ce95b08b9065233446be7e459f95554c0dc8",
                "sha256:baacc6aee0b2ef6f3d308e197b5d7a81c0e70b06beae1f1fcacffdbd124fe0e3",
                "sha256:bf420121d4c8dce6b889f0e8e4ec0ca34b7f40186203f06a946fa0276ba54029",
                "sha256:c04a46716adde8d927adb9457bbe39cf473e1e2c2f5d0a16ceb837e5d841ad4f",
                "sha256:c0b21078a4b56965e2b12f247467b234734491897e99c1d51cee628da9786959",
                "sha256:c1c76a1743432b4b60ab3358c937a3fe1341c828ae6194108a94c69028247f22",
                "sha256:c4983bf937209c57240cff65906b18bb35e64ae872da6a0db937d7b4af845dd7",
                "sha256:c4fb39a81950ec280984b3a44f5bd12819953dc5fa3a7e6fa7a80db5ee853952",
                "sha256:c57921cda3a80d0f2b8aec7e25c8aa14479ea92b5b51b6876d975d925a2ea346",
                "sha256:c8063cf17b19661471ecbdb3df1c84f24ad2e389e326ccaf89e3fb2484d8dd7e",
                "sha256:ccd16eb18a849fd8dcb23e23380e2f0a354e8daa0c984b8a732d9cfaba3a776d",
                "sha256:cd6dbe0238f7743d0efe563ab46294f54f9bc8f4b9bcf57c3c666cc5bc9d1299",
                "sha256:d62e51710986674142526ab9f78663ca2b0726066ae26b78b22e0f5e571238dd",
                "sha256:db901e2ac34c931d73054d9797383d0f8009991e723dab15109740a63e7f902a",
                "sha256:e03b8895a6990c9ab2cdcd0f2fe44088ca1c65ae592b8f795c3294af00a461c3",
                "sha256:e1c8a2f4c69e08e89632defbfabec2feb8a8d99edc9f89ce33c4b9e36ab63037",
                "sha256:e4b749b9cc6ee664a3300bb3a273c1ca8068c46be705b6c31cf5d276f8628a94",
                "sha256:e6a5bf2cba5ae1bb80b154ed68a3cfa2fa00fde979a7f50d6598d3e17d9ac20c",
                "sha256:e857a2232ba53ae940d3456f7533ce6ca98b81917d47adc3c7fd55dad8fab858",
                "sha256:ee4006268ed33370957f55bf2e6f4d263eaf4dc3cfc473d1d90baff6ed36ce4a",
                "sha256:eef9df1eefada2c09a5e7a40991b9fc6ac6ef20b1372abd48d2794a316dc0449",
                "sha256:f058f6963fd82eb143c692cecdc89e075fa0828db2e5b291070485390b2f1c9c",
                "sha256:f25c229a6ba38a35ae6e25ca1264621cc25d4d38dca2942a7fce0b67a4efe918",
                "sha256:f2a1d0fd4242bd8643ce6f98927cf9c04540af6efa92323e9d3124f57727bfc1",
                "sha256:f7560358a6811e52e9c4d142d497f1a6e10103d3a6881f18d04dbce3729c0e2c",
                "sha256:f779d3ad205f108d14e99bb3859aa7dd8e9c68874617c72354d7ecaec2a054ac",
                "sha256:f87f746ee241d30d6ed93969de31e5ffd09a2961a051e60ae6bddde9ec3583aa"
            ],
            "markers": "python_version >= '3.7'",
            "version": "==3.2.0"
        },
        "dm-pybloom": {
            "hashes": [
                "sha256:a98fbd293158b3412696d9585044fb422330b51d6056ed87acdd46158ac15bdb",
                "sha256:e9be7ca1d6b6e2bf37dff737b5765381da34431d6c376f4b1d089d0d83d84a92"
            ],
            "index": "pypi",
            "version": "==3.0.4"
        },
        "idna": {
            "hashes": [
                "sha256:814f528e8dead7d329833b91c5faa87d60bf71824cd12a7530b5526063d02cb4",
                "sha256:90b77e79eaa3eba6de819a0c442c0b4ceefc341a7a2ab77d7562bf49f425c5c2"
            ],
            "markers": "python_version >= '3.5'",
            "version": "==3.4"
        },
        "justext": {
            "hashes": [
                "sha256:330035dfaaa960465276afa1836dfb6e63791011a8dfc6da2757142cc4d14d54",
                "sha256:4b8b7f0749e8725f0089ebe0239c1a45286d61bf507b3f05d136c2700dea4aa6"
            ],
            "index": "pypi",
            "version": "==2.2.0"
        },
        "lxml": {
            "hashes": [
                "sha256:04da965dfebb5dac2619cb90fcf93efdb35b3c6994fea58a157a834f2f94b318",
                "sha256:0538747a9d7827ce3e16a8fdd201a99e661c7dee3c96c885d8ecba3c35d1032c",
                "sha256:0645e934e940107e2fdbe7c5b6fb8ec6232444260752598bc4d09511bd056c0b",
                "sha256:079b68f197c796e42aa80b1f739f058dcee796dc725cc9a1be0cdb08fc45b000",
                "sha256:0f3f0059891d3254c7b5fb935330d6db38d6519ecd238ca4fce93c234b4a0f73",
                "sha256:10d2017f9150248563bb579cd0d07c61c58da85c922b780060dcc9a3aa9f432d",
                "sha256:1355755b62c28950f9ce123c7a41460ed9743c699905cbe664a5bcc5c9c7c7fb",
                "sha256:13c90064b224e10c14dcdf8086688d3f0e612db53766e7478d7754703295c7c8",
                "sha256:1423631e3d51008871299525b541413c9b6c6423593e89f9c4cfbe8460afc0a2",
                "sha256:1436cf0063bba7888e43f1ba8d58824f085410ea2025befe81150aceb123e345",
                "sha256:1a7c59c6ffd6ef5db362b798f350e24ab2cfa5700d53ac6681918f314a4d3b94",
                "sha256:1e1cf47774373777936c5aabad489fef7b1c087dcd1f426b621fda9dcc12994e",
                "sha256:206a51077773c6c5d2ce1991327cda719063a47adc02bd703c56a662cdb6c58b",
                "sha256:21fb3d24ab430fc538a96e9fbb9b150029914805d551deeac7d7822f64631dfc",
                "sha256:27e590352c76156f50f538dbcebd1925317a0f70540f7dc8c97d2931c595783a",
                "sha256:287605bede6bd36e930577c5925fcea17cb30453d96a7b4c63c14a257118dbb9",
                "sha256:2aaf6a0a6465d39b5ca69688fce82d20088c1838534982996ec46633dc7ad6cc",
                "sha256:32a73c53783becdb7eaf75a2a1525ea8e49379fb7248c3eeefb9412123536387",
                "sha256:41fb58868b816c202e8881fd0f179a4644ce6e7cbbb248ef0283a34b73ec73bb",
                "sha256:4780677767dd52b99f0af1f123bc2c22873d30b474aa0e2fc3fe5e02217687c7",
                "sha256:4878e667ebabe9b65e785ac8da4d48886fe81193a84bbe49f12acff8f7a383a4",
                "sha256:487c8e61d7acc50b8be82bda8c8d21d20e133c3cbf41bd8ad7eb1aaeb3f07c97",
                "sha256:4beea0f31491bc086991b97517b9683e5cfb369205dac0148ef685ac12a20a67",
                "sha256:4cfbe42c686f33944e12f45a27d25a492cc0e43e1dc1da5d6a87cbcaf2e95627",
                "sha256:4d5bae0a37af799207140652a700f21a85946f107a199bcb06720b13a4f1f0b7",
                "sha256:4e285b5f2bf321fc0857b491b5028c5f276ec0c873b985d58d7748ece1d770dd",
                "sha256:57e4d637258703d14171b54203fd6822fda218c6c2658a7d30816b10995f29f3",
                "sha256:5974895115737a74a00b321e339b9c3f45c20275d226398ae79ac008d908bff7",
                "sha256:5ef87fca280fb15342726bd5f980f6faf8b84a5287fcc2d4962ea8af88b35130",
                "sha256:603a464c2e67d8a546ddaa206d98e3246e5db05594b97db844c2f0a1af37cf5b",
                "sha256:6653071f4f9bac46fbc30f3c7838b0e9063ee335908c5d61fb7a4a86c8fd2036",
                "sha256:6ca2264f341dd81e41f3fffecec6e446aa2121e0b8d026fb5130e02de1402785",
                "sha256:6d279033bf614953c3fc4a0aa9ac33a21e8044ca72d4fa8b9273fe75359d5cca",
                "sha256:6d949f53ad4fc7cf02c44d6678e7ff05ec5f5552b235b9e136bd52e9bf730b91",
                "sha256:6daa662aba22ef3258934105be2dd9afa5bb45748f4f702a3b39a5bf53a1f4dc",
                "sha256:6eafc048ea3f1b3c136c71a86db393be36b5b3d9c87b1c25204e7d397cee9536",
                "sha256:830c88747dce8a3e7525defa68afd742b4580df6aa2fdd6f0855481e3994d391",
                "sha256:86e92728ef3fc842c50a5cb1d5ba2bc66db7da08a7af53fb3da79e202d1b2cd3",
                "sha256:8caf4d16b31961e964c62194ea3e26a0e9561cdf72eecb1781458b67ec83423d",
                "sha256:8d1a92d8e90b286d491e5626af53afef2ba04da33e82e30744795c71880eaa21",
                "sha256:8f0a4d179c9a941eb80c3a63cdb495e539e064f8054230844dcf2fcb812b71d3",
                "sha256:9232b09f5efee6a495a99ae6824881940d6447debe272ea400c02e3b68aad85d",
                "sha256:927a9dd016d6033bc12e0bf5dee1dde140235fc8d0d51099353c76081c03dc29",
                "sha256:93e414e3206779ef41e5ff2448067213febf260ba747fc65389a3ddaa3fb8715",
                "sha256:98cafc618614d72b02185ac583c6f7796202062c41d2eeecdf07820bad3295ed",
                "sha256:9c3a88d20e4fe4a2a4a84bf439a5ac9c9aba400b85244c63a1ab7088f85d9d25",
                "sha256:9f36de4cd0c262dd9927886cc2305aa3f2210db437aa4fed3fb4940b8bf4592c",
                "sha256:a60f90bba4c37962cbf210f0188ecca87daafdf60271f4c6948606e4dabf8785",
                "sha256:a614e4afed58c14254e67862456d212c4dcceebab2eaa44d627c2ca04bf86837",
                "sha256:ae06c1e4bc60ee076292e582a7512f304abdf6c70db59b56745cca1684f875a4",
                "sha256:b122a188cd292c4d2fcd78d04f863b789ef43aa129b233d7c9004de08693728b",
                "sha256:b570da8cd0012f4af9fa76a5635cd31f707473e65a5a335b186069d5c7121ff2",
                "sha256:bcaa1c495ce623966d9fc8a187da80082334236a2a1c7e141763ffaf7a405067",
                "sha256:bd34f6d1810d9354dc7e35158aa6cc33456be7706df4420819af6ed966e85448",
                "sha256:be9eb06489bc975c38706902cbc6888f39e946b81383abc2838d186f0e8b6a9d",
                "sha256:c4b2e0559b68455c085fb0f6178e9752c4be3bba104d6e881eb5573b399d1eb2",
                "sha256:c62e8dd9754b7debda0c5ba59d34509c4688f853588d75b53c3791983faa96fc",
                "sha256:c852b1530083a620cb0de5f3cd6826f19862bafeaf77586f1aef326e49d95f0c",
                "sha256:d9fc0bf3ff86c17348dfc5d322f627d78273eba545db865c3cd14b3f19e57fa5",
                "sha256:dad7b164905d3e534883281c050180afcf1e230c3d4a54e8038aa5cfcf312b84",
                "sha256:e5f66bdf0976ec667fc4594d2812a00b07ed14d1b44259d19a41ae3fff99f2b8",
                "sha256:e8f0c9d65da595cfe91713bc1222af9ecabd37971762cb830dea2fc3b3bb2acf",
                "sha256:edffbe3c510d8f4bf8640e02ca019e48a9b72357318383ca60e3330c23aaffc7",
                "sha256:eea5d6443b093e1545ad0210e6cf27f920482bfcf5c77cdc8596aec73523bb7e",
                "sha256:ef72013e20dd5ba86a8ae1aed7f56f31d3374189aa8b433e7b12ad182c0d2dfb",
                "sha256:f05251bbc2145349b8d0b77c0d4e5f3b228418807b1ee27cefb11f69ed3d233b",
                "sha256:f1be258c4d3dc609e654a1dc59d37b17d7fef05df912c01fc2e15eb43a9735f3",
                "sha256:f9ced82717c7ec65a67667bb05865ffe38af0e835cdd78728f1209c8fffe0cad",
                "sha256:fe17d10b97fdf58155f858606bddb4e037b805a60ae023c009f760d8361a4eb8",
                "sha256:fe749b052bb7233fe5d072fcb549221a8cb1a16725c47c37e42b0b9cb3ff2c3f"
            ],
            "index": "pypi",
            "version": "==4.9.1"
        },
        "psycopg2": {
            "hashes": [
                "sha256:128d0fa910ada0157bba1cb74a9c5f92bb8a1dca77cf91a31eb274d1f889e001",
                "sha256:227fd46cf9b7255f07687e5bde454d7d67ae39ca77e170097cdef8ebfc30c323",
                "sha256:2315e7f104681d498ccf6fd70b0dba5bce65d60ac92171492bfe228e21dcc242",
                "sha256:4b5417dcd2999db0f5a891d54717cfaee33acc64f4772c4bc574d4ff95ed9d80",
                "sha256:640113ddc943522aaf71294e3f2d24013b0edd659b7820621492c9ebd3a2fb0b",
                "sha256:897a6e838319b4bf648a574afb6cabcb17d0488f8c7195100d48d872419f4457",
                "sha256:8dceca81409898c870e011c71179454962dec152a1a6b86a347f4be74b16d864",
                "sha256:b1b8e41da09a0c3ef0b3d4bb72da0dde2abebe583c1e8462973233fd5ad0235f",
                "sha256:cb407fccc12fc29dc331f2b934913405fa49b9b75af4f3a72d0f50f57ad2ca23",
                "sha256:d3a27550a8185e53b244ad7e79e307594b92fede8617d80200a8cce1fba2c60f",
                "sha256:f0e6b697a975d9d3ccd04135316c947dd82d841067c7800ccf622a8717e98df1"
            ],
            "index": "pypi",
            "version": "==2.8.3"
        },
        "requests": {
            "hashes": [
                "sha256:58cd2187c01e70e6e26505bca751777aa9f2ee0b7f4300988b709f44e013003f",
                "sha256:942c5a758f98d790eaed1a29cb6eefc7ffb0d1cf7af05c3d2791656dbd6ad1e1"
            ],
            "markers": "python_version >= '3.7'",
            "version": "==2.31.0"
        },
        "requests-file": {
            "hashes": [
                "sha256:07d74208d3389d01c38ab89ef403af0cfec63957d53a0081d8eca738d0247d8e",
                "sha256:dfe5dae75c12481f68ba353183c53a65e6044c923e64c24b2209f6c7570ca953"
            ],
            "version": "==1.5.1"
        },
        "setuptools": {
            "hashes": [
                "sha256:11e52c67415a381d10d6b462ced9cfb97066179f0e871399e006c4ab101fc85f",
                "sha256:baf1fdb41c6da4cd2eae722e135500da913332ab3f2f5c7d33af9b492acb5235"
            ],
            "markers": "python_version >= '3.7'",
            "version": "==68.0.0"
        },
        "six": {
            "hashes": [
                "sha256:1e61c37477a1626458e36f7b1d82aa5c9b094fa4802892072e49de9c60c4c926",
                "sha256:8abb2f1d86890a2dfb989f9a77cfcfd3e47c2a354b01111771326f8aa26e0254"
            ],
            "markers": "python_version >= '2.7' and python_version not in '3.0, 3.1, 3.2, 3.3'",
            "version": "==1.16.0"
        },
        "tldextract": {
            "hashes": [
                "sha256:2c1c5d9d454f79734b4f3da0d603856dd9f820753410a3e9abf0a0c9fde33e97",
                "sha256:b72bef6013de67c7fa181250bc2c2e089a994d259c09ca95a9771f2f97e29ed1"
            ],
            "index": "pypi",
            "version": "==2.2.1"
        },
        "unidecode": {
            "hashes": [
                "sha256:8c698f567aa098aeacfbad2d4a416f9803236bdc5ece09653b6e6dfe3f03f102"
            ],
            "index": "pypi",
            "version": "==1.1.0"
        },
        "urllib3": {
            "hashes": [
                "sha256:753a0374df26658f99d826cfe40394a686d05985786d946fbe4165b5148f5a7c",
                "sha256:a7acd0977125325f516bda9735fa7142b909a8d01e8b2e4c8108d0984e6e0098"
            ],
            "index": "pypi",
            "version": "==1.26.5"
        },
        "wikipedia-api": {
            "hashes": [
                "sha256:94b957728cbb16f21e30fd3ef42214c84810349e2828f42367be61c52da4458f"
            ],
            "index": "pypi",
            "version": "==0.5.1"
        }
    },
    "develop": {}
}
